
Microsoft Visual Studio Solution File, Format Version 12.00
# Visual Studio Version 17
VisualStudioVersion = 17.5.002.0
MinimumVisualStudioVersion = 10.0.40219.1
Project("{9A19103F-16F7-4668-BE54-9A1E7A4F7556}") = "class Programs", "class Programs.csproj", "{FE2AA998-98ED-485D-847D-C1C03B822C4E}"
EndProject
Global
	GlobalSection(SolutionConfigurationPlatforms) = preSolution
		Debug|Any CPU = Debug|Any CPU
		Release|Any CPU = Release|Any CPU
	EndGlobalSection
	GlobalSection(ProjectConfigurationPlatforms) = postSolution
		{FE2AA998-98ED-485D-847D-C1C03B822C4E}.Debug|Any CPU.ActiveCfg = Debug|Any CPU
		{FE2AA998-98ED-485D-847D-C1C03B822C4E}.Debug|Any CPU.Build.0 = Debug|Any CPU
		{FE2AA998-98ED-485D-847D-C1C03B822C4E}.Release|Any CPU.ActiveCfg = Release|Any CPU
		{FE2AA998-98ED-485D-847D-C1C03B822C4E}.Release|Any CPU.Build.0 = Release|Any CPU
	EndGlobalSection
	GlobalSection(SolutionProperties) = preSolution
		HideSolutionNode = FALSE
	EndGlobalSection
	GlobalSection(ExtensibilityGlobals) = postSolution
		SolutionGuid = {CADC5481-ECD4-44B9-937C-0E7132FFED43}
	EndGlobalSection
EndGlobal
